Microsoft Visual Studio Solution File, Format Version 12.00
# Visual Studio Version 17
VisualStudioVersion = 17.5.2.0
MinimumVisualStudioVersion = 10.0.40219.1
Project("{FAE04EC0-301F-11D3-BF4B-00C04F79EFBC}") = "dotnet-backend", "dotnet-backend.csproj", "{DEAB68F1-D214-2C40-B726-EB65DE9C54F6}"
EndProject
Global
	GlobalSection(SolutionConfigurationPlatforms) = preSolution
		Debug|Any CPU = Debug|Any CPU
		Release|Any CPU = Release|Any CPU
	EndGlobalSection
	GlobalSection(ProjectConfigurationPlatforms) = postSolution
		{DEAB68F1-D214-2C40-B726-EB65DE9C54F6}.Debug|Any CPU.ActiveCfg = Debug|Any CPU
		{DEAB68F1-D214-2C40-B726-EB65DE9C54F6}.Debug|Any CPU.Build.0 = Debug|Any CPU
		{DEAB68F1-D214-2C40-B726-EB65DE9C54F6}.Release|Any CPU.ActiveCfg = Release|Any CPU
		{DEAB68F1-D214-2C40-B726-EB65DE9C54F6}.Release|Any CPU.Build.0 = Release|Any CPU
	EndGlobalSection
	GlobalSection(SolutionProperties) = preSolution
		HideSolutionNode = FALSE
	EndGlobalSection
	GlobalSection(ExtensibilityGlobals) = postSolution
		SolutionGuid = {530891B3-73AC-4E95-8A84-27AF93161C1B}
	EndGlobalSection
EndGlobal
